
Microsoft Visual Studio Solution File, Format Version 12.00
# Visual Studio Version 16
VisualStudioVersion = 16.0.31424.327
MinimumVisualStudioVersion = 10.0.40219.1
Project("{FAE04EC0-301F-11D3-BF4B-00C04F79EFBC}") = "WordDocument", "WordDocument\WordDocument.csproj", "{6CB31F19-9277-407D-92FD-8DC87C187640}"
EndProject
Global
	GlobalSection(SolutionConfigurationPlatforms) = preSolution
		Debug|Any CPU = Debug|Any CPU
		Release|Any CPU = Release|Any CPU
	EndGlobalSection
	GlobalSection(ProjectConfigurationPlatforms) = postSolution
		{6CB31F19-9277-407D-92FD-8DC87C187640}.Debug|Any CPU.ActiveCfg = Debug|Any CPU
		{6CB31F19-9277-407D-92FD-8DC87C187640}.Debug|Any CPU.Build.0 = Debug|Any CPU
		{6CB31F19-9277-407D-92FD-8DC87C187640}.Release|Any CPU.ActiveCfg = Release|Any CPU
		{6CB31F19-9277-407D-92FD-8DC87C187640}.Release|Any CPU.Build.0 = Release|Any CPU
	EndGlobalSection
	GlobalSection(SolutionProperties) = preSolution
		HideSolutionNode = FALSE
	EndGlobalSection
	GlobalSection(ExtensibilityGlobals) = postSolution
		SolutionGuid = {0DD13986-DEFF-47BB-8019-5BA12480D9F9}
	EndGlobalSection
EndGlobal
