
Microsoft Visual Studio Solution File, Format Version 12.00
# Visual Studio Version 16
VisualStudioVersion = 16.0.31424.327
MinimumVisualStudioVersion = 10.0.40219.1
Project("{FAE04EC0-301F-11D3-BF4B-00C04F79EFBC}") = "IntroWPF", "IntroWPF\IntroWPF.csproj", "{3AA0300B-7CF2-4BED-9B33-4F321DA01724}"
EndProject
Global
	GlobalSection(SolutionConfigurationPlatforms) = preSolution
		Debug|Any CPU = Debug|Any CPU
		Release|Any CPU = Release|Any CPU
	EndGlobalSection
	GlobalSection(ProjectConfigurationPlatforms) = postSolution
		{3AA0300B-7CF2-4BED-9B33-4F321DA01724}.Debug|Any CPU.ActiveCfg = Debug|Any CPU
		{3AA0300B-7CF2-4BED-9B33-4F321DA01724}.Debug|Any CPU.Build.0 = Debug|Any CPU
		{3AA0300B-7CF2-4BED-9B33-4F321DA01724}.Release|Any CPU.ActiveCfg = Release|Any CPU
		{3AA0300B-7CF2-4BED-9B33-4F321DA01724}.Release|Any CPU.Build.0 = Release|Any CPU
	EndGlobalSection
	GlobalSection(SolutionProperties) = preSolution
		HideSolutionNode = FALSE
	EndGlobalSection
	GlobalSection(ExtensibilityGlobals) = postSolution
		SolutionGuid = {E0797A4E-A062-42D5-9EE2-E473BA6EF914}
	EndGlobalSection
EndGlobal
